<?xml version="1.0" encoding="utf-8"?>
<Project ToolsVersion="4.0" xmlns="http://schemas.microsoft.com/developer/msbuild/2003">
  <ItemGroup>
    <Filter Include="Source Files">
      <UniqueIdentifier>{4FC737F1-C7A5-4376-A066-2A32D752A2FF}</UniqueIdentifier>
      <Extensions>cpp;c;cc;cxx;c++;cppm;ixx;def;odl;idl;hpj;bat;asm;asmx</Extensions>
    </Filter>
    <Filter Include="Resource Files">
      <UniqueIdentifier>{67DA6AB6-F800-4c08-8B7A-83BB121AAD01}</UniqueIdentifier>
      <Extensions>rc;ico;cur;bmp;dlg;rc2;rct;bin;rgs;gif;jpg;jpeg;jpe;resx;tiff;tif;png;wav;mfcribbon-ms</Extensions>
    </Filter>
    <Filter Include="Source Files\Core">
      <UniqueIdentifier>{6adadf6d-c35c-45a1-9727-e9ddb22361c6}</UniqueIdentifier>
    </Filter>
    <Filter Include="Source Files\Windows">
      <UniqueIdentifier>{35b1a810-c540-4fb4-a2f0-87e0980850be}</UniqueIdentifier>
    </Filter>
    <Filter Include="Source Files\Common">
      <UniqueIdentifier>{430ab202-8cf7-40a0-be2a-29abd945033e}</UniqueIdentifier>
    </Filter>
    <Filter Include="Source Files\Common\Components">
      <UniqueIdentifier>{d7a6b53a-be9d-4422-b4fe-fb65277452fc}</UniqueIdentifier>
    </Filter>
    <Filter Include="Source Files\Common\Components\LedStrip">
      <UniqueIdentifier>{aac4ad2e-5218-45b8-a918-3df38742c27d}</UniqueIdentifier>
    </Filter>
    <Filter Include="Source Files\Common\Services">
      <UniqueIdentifier>{b54e2b91-758d-4c90-b823-d3bef5e79a01}</UniqueIdentifier>
    </Filter>
    <Filter Include="Source Files\Common\Services\RtosQueue">
      <UniqueIdentifier>{9c66be2a-46bd-4c94-b5a7-4690ff2759d7}</UniqueIdentifier>
    </Filter>
    <Filter Include="Source Files\Common\Services\RtosTask">
      <UniqueIdentifier>{ccd10cba-c6d7-4d5a-92ed-0245c36919f9}</UniqueIdentifier>
    </Filter>
    <Filter Include="Source Files\Common\Services\Rtos">
      <UniqueIdentifier>{a8b68e1a-e911-44ac-8bc0-7086b2cf565b}</UniqueIdentifier>
    </Filter>
    <Filter Include="Source Files\Common\Services\Debug">
      <UniqueIdentifier>{802edb44-bf01-46ea-8010-c3b4e3f6529d}</UniqueIdentifier>
    </Filter>
    <Filter Include="Source Files\Common\Services\Math">
      <UniqueIdentifier>{4bcd673f-d475-4396-8c90-3ea138bfa2cb}</UniqueIdentifier>
    </Filter>
    <Filter Include="Source Files\Tasks">
      <UniqueIdentifier>{cd4a93ea-9c97-4571-8526-7524b3399b30}</UniqueIdentifier>
    </Filter>
    <Filter Include="Source Files\Tasks\SystemTask">
      <UniqueIdentifier>{d33c9daf-0635-49bb-b97e-c03237bd2e95}</UniqueIdentifier>
    </Filter>
    <Filter Include="Source Files\Tasks\LedStripsTask">
      <UniqueIdentifier>{7d5a3cfb-9463-4bc8-a9fa-6180cecf2d8b}</UniqueIdentifier>
    </Filter>
    <Filter Include="Source Files\Common\Services\Random">
      <UniqueIdentifier>{b29d0624-ad54-467e-b353-c47cf230b204}</UniqueIdentifier>
    </Filter>
    <Filter Include="Source Files\Common\Components\Lcd1602Display">
      <UniqueIdentifier>{2336caf1-7f7f-4ac3-86c8-7eeeab77c226}</UniqueIdentifier>
    </Filter>
    <Filter Include="Source Files\Common\Components\I2c">
      <UniqueIdentifier>{9b81f8da-174d-48e2-9e66-602254fa6bfe}</UniqueIdentifier>
    </Filter>
    <Filter Include="Source Files\Tasks\Messages">
      <UniqueIdentifier>{dc900f81-4aa4-4eb9-9fb3-1a04bcf47926}</UniqueIdentifier>
    </Filter>
    <Filter Include="Source Files\Tasks\I2cTask">
      <UniqueIdentifier>{21dec379-5991-4895-93cf-800906bfcd2c}</UniqueIdentifier>
    </Filter>
  </ItemGroup>
  <ItemGroup>
    <ClInclude Include="Resource.h">
      <Filter>Resource Files</Filter>
    </ClInclude>
    <ClInclude Include="..\Windows\GdiScreen.hpp">
      <Filter>Source Files\Windows</Filter>
    </ClInclude>
    <ClInclude Include="..\Core\Components\IComponent.hpp">
      <Filter>Source Files\Core</Filter>
    </ClInclude>
    <ClInclude Include="..\Core\Menu\MenuRenderer.hpp">
      <Filter>Source Files\Core</Filter>
    </ClInclude>
    <ClInclude Include="..\Core\Menu\MenuStates.hpp">
      <Filter>Source Files\Core</Filter>
    </ClInclude>
    <ClInclude Include="..\Windows\Components\GdiAtariJoystick.hpp">
      <Filter>Source Files\Windows</Filter>
    </ClInclude>
    <ClInclude Include="..\Windows\Components\GdiButton.hpp">
      <Filter>Source Files\Windows</Filter>
    </ClInclude>
    <ClInclude Include="..\Windows\Components\GdiLcd1602Display.hpp">
      <Filter>Source Files\Windows</Filter>
    </ClInclude>
    <ClInclude Include="..\Windows\Components\GdiLedStrips.hpp">
      <Filter>Source Files\Windows</Filter>
    </ClInclude>
    <ClInclude Include="..\Windows\Components\GdiSevenDigitsDisplay.hpp">
      <Filter>Source Files\Windows</Filter>
    </ClInclude>
    <ClInclude Include="..\Core\Components\Mcp23017.hpp">
      <Filter>Source Files\Core</Filter>
    </ClInclude>
    <ClInclude Include="..\Core\Components\PinIo.hpp">
      <Filter>Source Files\Core</Filter>
    </ClInclude>
    <ClInclude Include="..\Windows\Components\WindowsMcp23017.hpp">
      <Filter>Source Files\Windows</Filter>
    </ClInclude>
    <ClInclude Include="..\Windows\Components\WindowsTm1637.hpp">
      <Filter>Source Files\Windows</Filter>
    </ClInclude>
    <ClInclude Include="..\Core\Components\Tm1637.hpp">
      <Filter>Source Files\Core</Filter>
    </ClInclude>
    <ClInclude Include="..\Core\Components\PinIoMappings.hpp">
      <Filter>Source Files\Core</Filter>
    </ClInclude>
    <ClInclude Include="..\Windows\Components\GdiLed.hpp">
      <Filter>Source Files\Windows</Filter>
    </ClInclude>
    <ClInclude Include="..\Core\TaskManager\TaskManager.hpp">
      <Filter>Source Files\Core</Filter>
    </ClInclude>
    <ClInclude Include="..\Windows\Components\WindowsComponentsBuilder.hpp">
      <Filter>Source Files\Windows</Filter>
    </ClInclude>
    <ClInclude Include="..\Core\Components\ComponentsBuilder.hpp">
      <Filter>Source Files\Core</Filter>
    </ClInclude>
    <ClInclude Include="..\Common\Components\LedStrip\LedStripDriver.hpp">
      <Filter>Source Files\Common\Components\LedStrip</Filter>
    </ClInclude>
    <ClInclude Include="..\Common\Components\LedStrip\LedStripModel.hpp">
      <Filter>Source Files\Common\Components\LedStrip</Filter>
    </ClInclude>
    <ClInclude Include="..\Common\Components\LedStrip\Ws2812Rmt.hpp">
      <Filter>Source Files\Common\Components\LedStrip</Filter>
    </ClInclude>
    <ClInclude Include="..\Common\Components\LedStrip\WindowsLedStripDriver.hpp">
      <Filter>Source Files\Common\Components\LedStrip</Filter>
    </ClInclude>
    <ClInclude Include="..\Core\SharedUtils\MathUtils.hpp">
      <Filter>Source Files\Common\Services\Math</Filter>
    </ClInclude>
    <ClInclude Include="..\Common\Services\Rtos\EspRtos.hpp">
      <Filter>Source Files\Common\Services\Rtos</Filter>
    </ClInclude>
    <ClInclude Include="..\Common\Services\Rtos\Rtos.hpp">
      <Filter>Source Files\Common\Services\Rtos</Filter>
    </ClInclude>
    <ClInclude Include="..\Common\Services\Rtos\WindowsRtos.hpp">
      <Filter>Source Files\Common\Services\Rtos</Filter>
    </ClInclude>
    <ClInclude Include="..\Common\Services\Debug\Debug.hpp">
      <Filter>Source Files\Common\Services\Debug</Filter>
    </ClInclude>
    <ClInclude Include="..\Common\Services\RtosQueue\EspRtosQueue.hpp">
      <Filter>Source Files\Common\Services\RtosQueue</Filter>
    </ClInclude>
    <ClInclude Include="..\Common\Services\RtosQueue\RtosQueue.hpp">
      <Filter>Source Files\Common\Services\RtosQueue</Filter>
    </ClInclude>
    <ClInclude Include="..\Common\Services\RtosQueue\WindowsRtosQueue.hpp">
      <Filter>Source Files\Common\Services\RtosQueue</Filter>
    </ClInclude>
    <ClInclude Include="..\Common\Services\RtosTask\EspRtosTask.hpp">
      <Filter>Source Files\Common\Services\RtosTask</Filter>
    </ClInclude>
    <ClInclude Include="..\Common\Services\RtosTask\RtosTask.hpp">
      <Filter>Source Files\Common\Services\RtosTask</Filter>
    </ClInclude>
    <ClInclude Include="..\Common\Services\RtosTask\WindowsRtosTask.hpp">
      <Filter>Source Files\Common\Services\RtosTask</Filter>
    </ClInclude>
    <ClInclude Include="..\Tasks\LedStripsTask\LedStripsTask.hpp">
      <Filter>Source Files\Tasks\LedStripsTask</Filter>
    </ClInclude>
    <ClInclude Include="..\Tasks\SystemTask\SystemTask.hpp">
      <Filter>Source Files\Tasks\SystemTask</Filter>
    </ClInclude>
    <ClInclude Include="..\Common\Components\LedStrip\LedStripsCurrentLimiter.hpp">
      <Filter>Source Files\Common\Components\LedStrip</Filter>
    </ClInclude>
    <ClInclude Include="..\Common\Components\ComponentModel.hpp">
      <Filter>Source Files\Common\Components</Filter>
    </ClInclude>
    <ClInclude Include="..\Common\Components\IDriver.hpp">
      <Filter>Source Files\Common\Components</Filter>
    </ClInclude>
    <ClInclude Include="..\Common\Services\Random\EspRandom.hpp">
      <Filter>Source Files\Common\Services\Random</Filter>
    </ClInclude>
    <ClInclude Include="..\Common\Services\Random\Random.hpp">
      <Filter>Source Files\Common\Services\Random</Filter>
    </ClInclude>
    <ClInclude Include="..\Common\Services\Random\WindowsRandom.hpp">
      <Filter>Source Files\Common\Services\Random</Filter>
    </ClInclude>
    <ClInclude Include="..\Windows\GdiSimulator.hpp">
      <Filter>Source Files\Windows</Filter>
    </ClInclude>
    <ClInclude Include="..\Core\Components\LedStrips.hpp">
      <Filter>Source Files\Core</Filter>
    </ClInclude>
    <ClInclude Include="..\Common\Components\Lcd1602Display\WindowsLcd1602DisplayDriver.hpp">
      <Filter>Source Files\Common\Components\Lcd1602Display</Filter>
    </ClInclude>
    <ClInclude Include="..\Common\Components\Lcd1602Display\Lcd1602DisplayDriver.hpp">
      <Filter>Source Files\Common\Components\Lcd1602Display</Filter>
    </ClInclude>
    <ClInclude Include="..\Common\Components\Lcd1602Display\Lcd1602DisplayModel.hpp">
      <Filter>Source Files\Common\Components\Lcd1602Display</Filter>
    </ClInclude>
    <ClInclude Include="..\Common\Components\I2c\I2c.hpp">
      <Filter>Source Files\Common\Components\I2c</Filter>
    </ClInclude>
    <ClInclude Include="..\Common\Components\I2c\WindowsI2c.hpp">
      <Filter>Source Files\Common\Components\I2c</Filter>
    </ClInclude>
    <ClInclude Include="..\Tasks\Messages\Message.hpp">
      <Filter>Source Files\Tasks\Messages</Filter>
    </ClInclude>
    <ClInclude Include="..\Tasks\I2cTask\I2cTask.hpp">
      <Filter>Source Files\Tasks\I2cTask</Filter>
    </ClInclude>
  </ItemGroup>
  <ItemGroup>
    <ClCompile Include="..\Windows\Components\GdiAtariJoystick.cpp">
      <Filter>Source Files\Windows</Filter>
    </ClCompile>
    <ClCompile Include="..\Windows\Components\GdiButton.cpp">
      <Filter>Source Files\Windows</Filter>
    </ClCompile>
    <ClCompile Include="..\Windows\Components\GdiLcd1602Display.cpp">
      <Filter>Source Files\Windows</Filter>
    </ClCompile>
    <ClCompile Include="..\Windows\Components\GdiLedStrips.cpp">
      <Filter>Source Files\Windows</Filter>
    </ClCompile>
    <ClCompile Include="..\Windows\Components\GdiSevenDigitsDisplay.cpp">
      <Filter>Source Files\Windows</Filter>
    </ClCompile>
    <ClCompile Include="..\Windows\GdiSimulator.cpp">
      <Filter>Source Files\Windows</Filter>
    </ClCompile>
    <ClCompile Include="..\Windows\GdiScreen.cpp">
      <Filter>Source Files\Windows</Filter>
    </ClCompile>
    <ClCompile Include="..\Core\Menu\MenuRenderer.cpp">
      <Filter>Source Files\Core</Filter>
    </ClCompile>
    <ClCompile Include="..\Core\Menu\MenuStates.cpp">
      <Filter>Source Files\Core</Filter>
    </ClCompile>
    <ClCompile Include="..\Core\Components\Mcp23017.cpp">
      <Filter>Source Files\Core</Filter>
    </ClCompile>
    <ClCompile Include="..\Core\Components\PinIo.cpp">
      <Filter>Source Files\Core</Filter>
    </ClCompile>
    <ClCompile Include="..\Windows\Components\WindowsMcp23017.cpp">
      <Filter>Source Files\Windows</Filter>
    </ClCompile>
    <ClCompile Include="..\Windows\Components\WindowsTm1637.cpp">
      <Filter>Source Files\Windows</Filter>
    </ClCompile>
    <ClCompile Include="..\Core\Components\Tm1637.cpp">
      <Filter>Source Files\Core</Filter>
    </ClCompile>
    <ClCompile Include="..\Core\Components\PinIoMappings.cpp">
      <Filter>Source Files\Core</Filter>
    </ClCompile>
    <ClCompile Include="..\Windows\Components\GdiLed.cpp">
      <Filter>Source Files\Windows</Filter>
    </ClCompile>
    <ClCompile Include="..\Core\TaskManager\TaskManager.cpp">
      <Filter>Source Files\Core</Filter>
    </ClCompile>
    <ClCompile Include="..\Windows\Components\WindowsComponentsBuilder.cpp">
      <Filter>Source Files\Windows</Filter>
    </ClCompile>
    <ClCompile Include="..\Core\Components\ComponentsBuilder.cpp">
      <Filter>Source Files\Core</Filter>
    </ClCompile>
    <ClCompile Include="..\Common\Components\LedStrip\LedStripModel.cpp">
      <Filter>Source Files\Common\Components\LedStrip</Filter>
    </ClCompile>
    <ClCompile Include="..\Common\Components\LedStrip\Ws2812Rmt.cpp">
      <Filter>Source Files\Common\Components\LedStrip</Filter>
    </ClCompile>
    <ClCompile Include="..\Common\Components\LedStrip\WindowsLedStripDriver.cpp">
      <Filter>Source Files\Common\Components\LedStrip</Filter>
    </ClCompile>
    <ClCompile Include="..\Common\Services\Rtos\EspRtos.cpp">
      <Filter>Source Files\Common\Services\Rtos</Filter>
    </ClCompile>
    <ClCompile Include="..\Common\Services\Rtos\WindowsRtos.cpp">
      <Filter>Source Files\Common\Services\Rtos</Filter>
    </ClCompile>
    <ClCompile Include="..\Common\Services\Debug\Debug.cpp">
      <Filter>Source Files\Common\Services\Debug</Filter>
    </ClCompile>
    <ClCompile Include="..\Common\Services\RtosQueue\EspRtosQueue.cpp">
      <Filter>Source Files\Common\Services\RtosQueue</Filter>
    </ClCompile>
    <ClCompile Include="..\Common\Services\RtosQueue\WindowsRtosQueue.cpp">
      <Filter>Source Files\Common\Services\RtosQueue</Filter>
    </ClCompile>
    <ClCompile Include="..\Common\Services\RtosTask\EspRtosTask.cpp">
      <Filter>Source Files\Common\Services\RtosTask</Filter>
    </ClCompile>
    <ClCompile Include="..\Common\Services\RtosTask\WindowsRtosTask.cpp">
      <Filter>Source Files\Common\Services\RtosTask</Filter>
    </ClCompile>
    <ClCompile Include="..\Tasks\LedStripsTask\LedStripsTask.cpp">
      <Filter>Source Files\Tasks\LedStripsTask</Filter>
    </ClCompile>
    <ClCompile Include="..\Tasks\SystemTask\SystemTask.cpp">
      <Filter>Source Files\Tasks\SystemTask</Filter>
    </ClCompile>
    <ClCompile Include="..\Common\Components\LedStrip\LedStripsCurrentLimiter.cpp">
      <Filter>Source Files\Common\Components\LedStrip</Filter>
    </ClCompile>
    <ClCompile Include="..\Common\Services\Random\EspRandom.cpp">
      <Filter>Source Files\Common\Services\Random</Filter>
    </ClCompile>
    <ClCompile Include="..\Common\Services\Random\WindowsRandom.cpp">
      <Filter>Source Files\Common\Services\Random</Filter>
    </ClCompile>
    <ClCompile Include="..\Core\Components\LedStrips.cpp">
      <Filter>Source Files\Core</Filter>
    </ClCompile>
    <ClCompile Include="..\Common\Components\Lcd1602Display\Lcd1602DisplayDriver.cpp">
      <Filter>Source Files\Common\Components\Lcd1602Display</Filter>
    </ClCompile>
    <ClCompile Include="..\Common\Components\Lcd1602Display\Lcd1602DisplayModel.cpp">
      <Filter>Source Files\Common\Components\Lcd1602Display</Filter>
    </ClCompile>
    <ClCompile Include="..\Common\Components\Lcd1602Display\WindowsLcd1602DisplayDriver.cpp">
      <Filter>Source Files\Common\Components\Lcd1602Display</Filter>
    </ClCompile>
    <ClCompile Include="..\Common\Components\I2c\I2c.cpp">
      <Filter>Source Files\Common\Components\I2c</Filter>
    </ClCompile>
    <ClCompile Include="..\Common\Components\I2c\WindowsI2c.cpp">
      <Filter>Source Files\Common\Components\I2c</Filter>
    </ClCompile>
    <ClCompile Include="..\Tasks\I2cTask\I2cTask.cpp">
      <Filter>Source Files\Tasks\I2cTask</Filter>
    </ClCompile>
  </ItemGroup>
  <ItemGroup>
    <ResourceCompile Include="GdiSimulator.rc">
      <Filter>Resource Files</Filter>
    </ResourceCompile>
  </ItemGroup>
  <ItemGroup>
    <Image Include="small.ico">
      <Filter>Resource Files</Filter>
    </Image>
    <Image Include="GdiSimulator.ico">
      <Filter>Resource Files</Filter>
    </Image>
  </ItemGroup>
</Project>