<?xml version="1.0" encoding="utf-8"?>
<Project ToolsVersion="4.0" xmlns="http://schemas.microsoft.com/developer/msbuild/2003">
  <ItemGroup>
    <ClCompile Include="..\..\main\M90_Utilities\Algorithm\Algorithm.cpp">
      <Filter>main\M90_Utilities\Algorithm</Filter>
    </ClCompile>
    <ClCompile Include="..\..\main\M20_Applications\Applications\Application.cpp">
      <Filter>main\M20_Applications\Applications</Filter>
    </ClCompile>
    <ClCompile Include="..\..\main\M20_Applications\ApplicationsManager.cpp">
      <Filter>main\M20_Applications</Filter>
    </ClCompile>
    <ClCompile Include="..\..\main\M20_Applications\ApplicationsTask.cpp">
      <Filter>main\M20_Applications</Filter>
    </ClCompile>
    <ClCompile Include="..\..\main\M90_Utilities\Assert\Assert.cpp">
      <Filter>main\M90_Utilities\Assert</Filter>
    </ClCompile>
    <ClCompile Include="..\..\main\M90_Utilities\Math\BitUtilities.cpp">
      <Filter>main\M90_Utilities\Math</Filter>
    </ClCompile>
    <ClCompile Include="..\..\main\M10_Composition\Builder\Builder.cpp">
      <Filter>main\M10_Composition\Builder</Filter>
    </ClCompile>
    <ClCompile Include="..\..\main\M10_Composition\Builder\EspBuilder.cpp">
      <Filter>main\M10_Composition\Builder</Filter>
    </ClCompile>
    <ClCompile Include="..\..\main\M10_Composition\Builder\WindowsBuilder.cpp">
      <Filter>main\M10_Composition\Builder</Filter>
    </ClCompile>
    <ClCompile Include="..\..\main\M10_Composition\Context\Context.cpp">
      <Filter>main\M10_Composition\Context</Filter>
    </ClCompile>
    <ClCompile Include="..\..\main\M10_Composition\Context\DeviceDriversContext.cpp">
      <Filter>main\M10_Composition\Context</Filter>
    </ClCompile>
    <ClCompile Include="..\..\main\M10_Composition\Context\DeviceModelsContext.cpp">
      <Filter>main\M10_Composition\Context</Filter>
    </ClCompile>
    <ClCompile Include="..\..\main\M10_Composition\Context\DomainModelsContext.cpp">
      <Filter>main\M10_Composition\Context</Filter>
    </ClCompile>
    <ClCompile Include="..\..\main\M10_Composition\Context\ServicesContext.cpp">
      <Filter>main\M10_Composition\Context</Filter>
    </ClCompile>
    <ClCompile Include="..\..\main\M10_Composition\Context\QueuesContext.cpp">
      <Filter>main\M10_Composition\Context</Filter>
    </ClCompile>
    <ClCompile Include="..\..\main\M10_Composition\Context\TasksContext.cpp">
      <Filter>main\M10_Composition\Context</Filter>
    </ClCompile>
    <ClCompile Include="..\..\main\M20_Applications\Applications\Games\Pong.cpp">
      <Filter>main\M20_Applications\Applications\Games</Filter>
    </ClCompile>
    <ClCompile Include="..\..\main\M20_Applications\Applications\Utilities\AutoRun.cpp">
      <Filter>main\M20_Applications\Applications\Utilities</Filter>
    </ClCompile>
    <ClCompile Include="..\..\main\M20_Applications\Applications\Menu\MenuApplication.cpp">
      <Filter>main\M20_Applications\Applications\Menu</Filter>
    </ClCompile>
    <ClCompile Include="..\..\main\M20_Applications\Applications\Menu\Renderer.cpp">
      <Filter>main\M20_Applications\Applications\Menu</Filter>
    </ClCompile>
    <ClCompile Include="..\..\main\M20_Applications\Applications\Menu\States.cpp">
      <Filter>main\M20_Applications\Applications\Menu</Filter>
    </ClCompile>
    <ClCompile Include="..\..\main\M20_Applications\Applications\Utilities\Utility.cpp">
      <Filter>main\M20_Applications\Applications\Utilities</Filter>
    </ClCompile>
    <ClCompile Include="..\..\main\M20_Applications\IoStates\ButtonState.cpp">
      <Filter>main\M20_Applications\IoStates</Filter>
    </ClCompile>
    <ClCompile Include="..\..\main\M20_Applications\IoStates\IoStates.cpp">
      <Filter>main\M20_Applications\IoStates</Filter>
    </ClCompile>
    <ClCompile Include="..\..\main\M20_Applications\IoStates\JoystickState.cpp">
      <Filter>main\M20_Applications\IoStates</Filter>
    </ClCompile>
    <ClCompile Include="..\..\main\M20_Applications\Queues\I2cInputQueueReader.cpp">
      <Filter>main\M20_Applications\Queues</Filter>
    </ClCompile>
    <ClCompile Include="..\..\main\M20_Applications\Queues\I2cOutputQueueWriter.cpp">
      <Filter>main\M20_Applications\Queues</Filter>
    </ClCompile>
    <ClCompile Include="..\..\main\M20_Applications\Queues\LedStripsQueueWriter.cpp">
      <Filter>main\M20_Applications\Queues</Filter>
    </ClCompile>
    <ClCompile Include="..\..\main\M20_Applications\Queues\QueueWriters.cpp">
      <Filter>main\M20_Applications\Queues</Filter>
    </ClCompile>
    <ClCompile Include="..\..\main\M20_Applications\IEventListener.cpp">
      <Filter>main\M20_Applications</Filter>
    </ClCompile>
    <ClCompile Include="..\..\main\M30_Messages\Color.cpp">
      <Filter>main\M30_Messages</Filter>
    </ClCompile>
    <ClCompile Include="..\..\main\M30_Messages\DiagnosticsQueue.cpp">
      <Filter>main\M30_Messages</Filter>
    </ClCompile>
    <ClCompile Include="..\..\main\M30_Messages\I2cInputQueue.cpp">
      <Filter>main\M30_Messages</Filter>
    </ClCompile>
    <ClCompile Include="..\..\main\M30_Messages\I2cOutputQueue.cpp">
      <Filter>main\M30_Messages</Filter>
    </ClCompile>
    <ClCompile Include="..\..\main\M30_Messages\LedStripsQueue.cpp">
      <Filter>main\M30_Messages</Filter>
    </ClCompile>
    <ClCompile Include="..\..\main\M30_Messages\Position.cpp">
      <Filter>main\M30_Messages</Filter>
    </ClCompile>
    <ClCompile Include="..\..\main\M30_Messages\Queue.cpp">
      <Filter>main\M30_Messages</Filter>
    </ClCompile>
    <ClCompile Include="..\..\main\M30_Messages\QueueProcessor.cpp">
      <Filter>main\M30_Messages</Filter>
    </ClCompile>
    <ClCompile Include="..\..\main\M40_DomainModels\I2c\Displays\Lcd2004\Lcd2004.cpp">
      <Filter>main\M40_DomainModels\I2c\Displays\Lcd2004</Filter>
    </ClCompile>
    <ClCompile Include="..\..\main\M40_DomainModels\I2c\Displays\Tm1637\Tm1637.cpp">
      <Filter>main\M40_DomainModels\I2c\Displays\Tm1637</Filter>
    </ClCompile>
    <ClCompile Include="..\..\main\M40_DomainModels\I2c\IoPins\IoPins.cpp">
      <Filter>main\M40_DomainModels\I2c\IoPins</Filter>
    </ClCompile>
    <ClCompile Include="..\..\main\M40_DomainModels\I2c\IoPins\Joystick.cpp">
      <Filter>main\M40_DomainModels\I2c\IoPins</Filter>
    </ClCompile>
    <ClCompile Include="..\..\main\M40_DomainModels\I2c\IoPins\Led.cpp">
      <Filter>main\M40_DomainModels\I2c\IoPins</Filter>
    </ClCompile>
    <ClCompile Include="..\..\main\M40_DomainModels\I2c\IoPins\SystemButton.cpp">
      <Filter>main\M40_DomainModels\I2c\IoPins</Filter>
    </ClCompile>
    <ClCompile Include="..\..\main\M40_DomainModels\I2c\I2cInputQueueWriter.cpp">
      <Filter>main\M40_DomainModels\I2c</Filter>
    </ClCompile>
    <ClCompile Include="..\..\main\M40_DomainModels\I2c\I2cOutputQueueReader.cpp">
      <Filter>main\M40_DomainModels\I2c</Filter>
    </ClCompile>
    <ClCompile Include="..\..\main\M40_DomainModels\LedStrips\LedStrips.cpp">
      <Filter>main\M40_DomainModels\LedStrips</Filter>
    </ClCompile>
    <ClCompile Include="..\..\main\M40_DomainModels\LedStrips\LedStripsQueueReader.cpp">
      <Filter>main\M40_DomainModels\LedStrips</Filter>
    </ClCompile>
    <ClCompile Include="..\..\main\M40_DomainModels\DomainModel.cpp">
      <Filter>main\M40_DomainModels</Filter>
    </ClCompile>
    <ClCompile Include="..\..\main\M40_DomainModels\IDomainModel.cpp">
      <Filter>main\M40_DomainModels</Filter>
    </ClCompile>
    <ClCompile Include="..\..\main\M50_DeviceModels\Lcd2004\Lcd2004DeviceModel.cpp">
      <Filter>main\M50_DeviceModels\Lcd2004</Filter>
    </ClCompile>
    <ClCompile Include="..\..\main\M50_DeviceModels\Mcp23017\Mcp23017DeviceModel.cpp">
      <Filter>main\M50_DeviceModels\Mcp23017</Filter>
    </ClCompile>
    <ClCompile Include="..\..\main\M50_DeviceModels\Tm1637\Tm1637DeviceModel.cpp">
      <Filter>main\M50_DeviceModels\Tm1637</Filter>
    </ClCompile>
    <ClCompile Include="..\..\main\M50_DeviceModels\Ws28xx\Ws28xxDeviceModel.cpp">
      <Filter>main\M50_DeviceModels\Ws28xx</Filter>
    </ClCompile>
    <ClCompile Include="..\..\main\M50_DeviceModels\DeviceModel.cpp">
      <Filter>main\M50_DeviceModels</Filter>
    </ClCompile>
    <ClCompile Include="..\..\main\M50_DeviceModels\IDeviceModel.cpp">
      <Filter>main\M50_DeviceModels</Filter>
    </ClCompile>
    <ClCompile Include="..\..\main\M60_DeviceDrivers\I2c\I2cDeviceDriver.cpp">
      <Filter>main\M60_DeviceDrivers\I2c</Filter>
    </ClCompile>
    <ClCompile Include="..\..\main\M60_DeviceDrivers\Lcd2004\Lcd2004DeviceDriver.cpp">
      <Filter>main\M60_DeviceDrivers\Lcd2004</Filter>
    </ClCompile>
    <ClCompile Include="..\..\main\M60_DeviceDrivers\Mcp23017\EspInterruptHandler.cpp">
      <Filter>main\M60_DeviceDrivers\Mcp23017</Filter>
    </ClCompile>
    <ClCompile Include="..\..\main\M60_DeviceDrivers\Mcp23017\Mcp23017DeviceDriver.cpp">
      <Filter>main\M60_DeviceDrivers\Mcp23017</Filter>
    </ClCompile>
    <ClCompile Include="..\..\main\M60_DeviceDrivers\Mcp23017\WindowsInterruptHandler.cpp">
      <Filter>main\M60_DeviceDrivers\Mcp23017</Filter>
    </ClCompile>
    <ClCompile Include="..\..\main\M60_DeviceDrivers\Tm1637\Tm1637DeviceDriver.cpp">
      <Filter>main\M60_DeviceDrivers\Tm1637</Filter>
    </ClCompile>
    <ClCompile Include="..\..\main\M60_DeviceDrivers\Ws28xx\Ws28xxDeviceDriver.cpp">
      <Filter>main\M60_DeviceDrivers\Ws28xx</Filter>
    </ClCompile>
    <ClCompile Include="..\..\main\M60_DeviceDrivers\Ws28xx\Ws2812Rmt.cpp">
      <Filter>main\M60_DeviceDrivers\Ws28xx</Filter>
    </ClCompile>
    <ClCompile Include="..\..\main\M60_DeviceDrivers\DeviceDriver.cpp">
      <Filter>main\M60_DeviceDrivers</Filter>
    </ClCompile>
    <ClCompile Include="..\..\main\M60_DeviceDrivers\I2cTaskDeviceDriversDelegate.cpp">
      <Filter>main\M60_DeviceDrivers</Filter>
    </ClCompile>
    <ClCompile Include="..\..\main\M60_DeviceDrivers\IDeviceDriver.cpp">
      <Filter>main\M60_DeviceDrivers</Filter>
    </ClCompile>
    <ClCompile Include="..\..\main\M60_DeviceDrivers\LedStripsTaskDeviceDriversDelegate.cpp">
      <Filter>main\M60_DeviceDrivers</Filter>
    </ClCompile>
    <ClCompile Include="..\..\main\M70_WindowsGdi\Components\GdiAtariJoystick.cpp">
      <Filter>main\M70_WindowsGdi\Components</Filter>
    </ClCompile>
    <ClCompile Include="..\..\main\M70_WindowsGdi\Components\GdiButton.cpp">
      <Filter>main\M70_WindowsGdi\Components</Filter>
    </ClCompile>
    <ClCompile Include="..\..\main\M70_WindowsGdi\Components\GdiLcd2004.cpp">
      <Filter>main\M70_WindowsGdi\Components</Filter>
    </ClCompile>
    <ClCompile Include="..\..\main\M70_WindowsGdi\Components\GdiLed.cpp">
      <Filter>main\M70_WindowsGdi\Components</Filter>
    </ClCompile>
    <ClCompile Include="..\..\main\M70_WindowsGdi\Components\GdiLedStrips.cpp">
      <Filter>main\M70_WindowsGdi\Components</Filter>
    </ClCompile>
    <ClCompile Include="..\..\main\M70_WindowsGdi\Components\GdiTm1637.cpp">
      <Filter>main\M70_WindowsGdi\Components</Filter>
    </ClCompile>
    <ClCompile Include="..\..\main\M70_WindowsGdi\GdiScreen.cpp">
      <Filter>main\M70_WindowsGdi</Filter>
    </ClCompile>
    <ClCompile Include="..\..\main\M70_WindowsGdi\GdiSimulator.cpp">
      <Filter>main\M70_WindowsGdi</Filter>
    </ClCompile>
    <ClCompile Include="..\..\main\M80_Services\Gpio\EspGpio.cpp">
      <Filter>main\M80_Services\Gpio</Filter>
    </ClCompile>
    <ClCompile Include="..\..\main\M80_Services\Gpio\Gpio.cpp">
      <Filter>main\M80_Services\Gpio</Filter>
    </ClCompile>
    <ClCompile Include="..\..\main\M80_Services\Gpio\WindowsGpio.cpp">
      <Filter>main\M80_Services\Gpio</Filter>
    </ClCompile>
    <ClCompile Include="..\..\main\M80_Services\I2c\EspI2c.cpp">
      <Filter>main\M80_Services\I2c</Filter>
    </ClCompile>
    <ClCompile Include="..\..\main\M80_Services\I2c\I2c.cpp">
      <Filter>main\M80_Services\I2c</Filter>
    </ClCompile>
    <ClCompile Include="..\..\main\M80_Services\I2c\WindowsI2c.cpp">
      <Filter>main\M80_Services\I2c</Filter>
    </ClCompile>
    <ClCompile Include="..\..\main\M80_Services\Random\EspRandom.cpp">
      <Filter>main\M80_Services\Random</Filter>
    </ClCompile>
    <ClCompile Include="..\..\main\M80_Services\Random\WindowsRandom.cpp">
      <Filter>main\M80_Services\Random</Filter>
    </ClCompile>
    <ClCompile Include="..\..\main\M80_Services\Random\Random.cpp">
      <Filter>main\M80_Services\Random</Filter>
    </ClCompile>
    <ClCompile Include="..\..\main\M80_Services\Rmt\Rmt.cpp">
      <Filter>main\M80_Services\Rmt</Filter>
    </ClCompile>
    <ClCompile Include="..\..\main\M80_Services\Rmt\EspRmt.cpp">
      <Filter>main\M80_Services\Rmt</Filter>
    </ClCompile>
    <ClCompile Include="..\..\main\M80_Services\Rmt\WindowsRmt.cpp">
      <Filter>main\M80_Services\Rmt</Filter>
    </ClCompile>
    <ClCompile Include="..\..\main\M80_Services\Rtos\EspRtos.cpp">
      <Filter>main\M80_Services\Rtos</Filter>
    </ClCompile>
    <ClCompile Include="..\..\main\M80_Services\Rtos\Rtos.cpp">
      <Filter>main\M80_Services\Rtos</Filter>
    </ClCompile>
    <ClCompile Include="..\..\main\M80_Services\Rtos\WindowsRtos.cpp">
      <Filter>main\M80_Services\Rtos</Filter>
    </ClCompile>
    <ClCompile Include="..\..\main\M80_Services\RtosQueue\EspRtosQueue.cpp">
      <Filter>main\M80_Services\RtosQueue</Filter>
    </ClCompile>
    <ClCompile Include="..\..\main\M80_Services\RtosQueue\RtosQueue.cpp">
      <Filter>main\M80_Services\RtosQueue</Filter>
    </ClCompile>
    <ClCompile Include="..\..\main\M80_Services\RtosQueue\WindowsRtosQueue.cpp">
      <Filter>main\M80_Services\RtosQueue</Filter>
    </ClCompile>
    <ClCompile Include="..\..\main\M80_Services\RtosTask\EspRtosTask.cpp">
      <Filter>main\M80_Services\RtosTask</Filter>
    </ClCompile>
    <ClCompile Include="..\..\main\M80_Services\RtosTask\RtosTask.cpp">
      <Filter>main\M80_Services\RtosTask</Filter>
    </ClCompile>
    <ClCompile Include="..\..\main\M80_Services\RtosTask\WindowsRtosTask.cpp">
      <Filter>main\M80_Services\RtosTask</Filter>
    </ClCompile>
    <ClCompile Include="..\..\main\M80_Services\Uart\EspUart.cpp">
      <Filter>main\M80_Services\Uart</Filter>
    </ClCompile>
    <ClCompile Include="..\..\main\M80_Services\Uart\Uart.cpp">
      <Filter>main\M80_Services\Uart</Filter>
    </ClCompile>
    <ClCompile Include="..\..\main\M80_Services\Uart\WindowsUart.cpp">
      <Filter>main\M80_Services\Uart</Filter>
    </ClCompile>
    <ClCompile Include="..\..\main\M90_Utilities\Dirty\Dirty.cpp">
      <Filter>main\M90_Utilities\Dirty</Filter>
    </ClCompile>
    <ClCompile Include="..\..\main\M90_Utilities\Dirty\IDirty.cpp">
      <Filter>main\M90_Utilities\Dirty</Filter>
    </ClCompile>
    <ClCompile Include="..\..\main\M90_Utilities\Initializable\IInitializable.cpp">
      <Filter>main\M90_Utilities\Initializable</Filter>
    </ClCompile>
    <ClCompile Include="..\..\main\M90_Utilities\Initializable\Initializable.cpp">
      <Filter>main\M90_Utilities\Initializable</Filter>
    </ClCompile>
    <ClCompile Include="..\..\main\M90_Utilities\Log\Log.cpp">
      <Filter>main\M90_Utilities\Log</Filter>
    </ClCompile>
    <ClCompile Include="..\..\main\M90_Utilities\Math\MathUtilities.cpp">
      <Filter>main\M90_Utilities\Math</Filter>
    </ClCompile>
    <ClCompile Include="..\..\main\M90_Utilities\Time\TimeUtilities.cpp">
      <Filter>main\M90_Utilities\Time</Filter>
    </ClCompile>
    <ClCompile Include="..\..\main\M90_Utilities\Time\WindowsHighResolutionTimer.cpp">
      <Filter>main\M90_Utilities\Time</Filter>
    </ClCompile>
    <ClCompile Include="..\..\main\M90_Utilities\Task\Task.cpp">
      <Filter>main\M90_Utilities\Task</Filter>
    </ClCompile>
    <ClCompile Include="..\..\main\M90_Utilities\String\StringUtilities.cpp">
      <Filter>main\M90_Utilities\String</Filter>
    </ClCompile>
    <ClCompile Include="..\..\main\M00_System\DeviceSettingsValidator.cpp">
      <Filter>main\M00_System</Filter>
    </ClCompile>
    <ClCompile Include="..\..\main\M00_System\DiagnosticsManager.cpp">
      <Filter>main\M00_System</Filter>
    </ClCompile>
    <ClCompile Include="..\..\main\M00_System\DiagnosticsTask.cpp">
      <Filter>main\M00_System</Filter>
    </ClCompile>
    <ClCompile Include="..\..\main\M00_System\I2cTask.cpp">
      <Filter>main\M00_System</Filter>
    </ClCompile>
    <ClCompile Include="..\..\main\M00_System\LedStripsTask.cpp">
      <Filter>main\M00_System</Filter>
    </ClCompile>
    <ClCompile Include="..\..\main\M00_System\main.cpp">
      <Filter>main\M00_System</Filter>
    </ClCompile>
    <ClCompile Include="..\..\main\M00_System\Orchestrator.cpp">
      <Filter>main\M00_System</Filter>
    </ClCompile>
    <ClCompile Include="..\..\main\M00_System\WatchDog.cpp">
      <Filter>main\M00_System</Filter>
    </ClCompile>
    <ClCompile Include="..\..\main\M00_System\Queues\DiagnosticsQueueReader.cpp">
      <Filter>main\M00_System\Queues</Filter>
    </ClCompile>
    <ClCompile Include="..\..\main\M00_System\Queues\DiagnosticsQueueWriter.cpp">
      <Filter>main\M00_System\Queues</Filter>
    </ClCompile>
    <ClCompile Include="..\..\main\M20_Applications\Applications\Game.cpp">
      <Filter>main\M20_Applications\Applications</Filter>
    </ClCompile>
    <ClCompile Include="..\..\main\M20_Applications\Applications\Highscore.cpp">
      <Filter>main\M20_Applications\Applications</Filter>
    </ClCompile>
    <ClCompile Include="..\..\main\M20_Applications\Applications\Highscores.cpp">
      <Filter>main\M20_Applications\Applications</Filter>
    </ClCompile>
    <ClCompile Include="..\..\main\M20_Applications\Applications\IApplication.cpp">
      <Filter>main\M20_Applications\Applications</Filter>
    </ClCompile>
    <ClCompile Include="..\..\main\M20_Applications\Applications\Send.cpp">
      <Filter>main\M20_Applications\Applications</Filter>
    </ClCompile>
    <ClCompile Include="..\..\main\M50_DeviceModels\Ws28xx\GrbBufferFiller.cpp">
      <Filter>main\M50_DeviceModels\Ws28xx</Filter>
    </ClCompile>
  </ItemGroup>
  <ItemGroup>
    <ClInclude Include="targetver.h" />
    <ClInclude Include="..\..\main\M90_Utilities\Algorithm\Algorithm.hpp">
      <Filter>main\M90_Utilities\Algorithm</Filter>
    </ClInclude>
    <ClInclude Include="..\..\main\M20_Applications\Applications\Application.hpp">
      <Filter>main\M20_Applications\Applications</Filter>
    </ClInclude>
    <ClInclude Include="..\..\main\M20_Applications\ApplicationsManager.hpp">
      <Filter>main\M20_Applications</Filter>
    </ClInclude>
    <ClInclude Include="..\..\main\M20_Applications\ApplicationsTask.hpp">
      <Filter>main\M20_Applications</Filter>
    </ClInclude>
    <ClInclude Include="..\..\main\M90_Utilities\Array\ArrayUtilities.hpp">
      <Filter>main\M90_Utilities\Array</Filter>
    </ClInclude>
    <ClInclude Include="..\..\main\M90_Utilities\Assert\Assert.hpp">
      <Filter>main\M90_Utilities\Assert</Filter>
    </ClInclude>
    <ClInclude Include="..\..\main\M90_Utilities\Math\BitUtilities.hpp">
      <Filter>main\M90_Utilities\Math</Filter>
    </ClInclude>
    <ClInclude Include="..\..\main\M10_Composition\Builder\Builder.hpp">
      <Filter>main\M10_Composition\Builder</Filter>
    </ClInclude>
    <ClInclude Include="..\..\main\M10_Composition\Builder\EspBuilder.hpp">
      <Filter>main\M10_Composition\Builder</Filter>
    </ClInclude>
    <ClInclude Include="..\..\main\M10_Composition\Builder\WindowsBuilder.hpp">
      <Filter>main\M10_Composition\Builder</Filter>
    </ClInclude>
    <ClInclude Include="..\..\main\M10_Composition\Context\Context.hpp">
      <Filter>main\M10_Composition\Context</Filter>
    </ClInclude>
    <ClInclude Include="..\..\main\M10_Composition\Context\DeviceDriversContext.hpp">
      <Filter>main\M10_Composition\Context</Filter>
    </ClInclude>
    <ClInclude Include="..\..\main\M10_Composition\Context\DeviceModelsContext.hpp">
      <Filter>main\M10_Composition\Context</Filter>
    </ClInclude>
    <ClInclude Include="..\..\main\M10_Composition\Context\DomainModelsContext.hpp">
      <Filter>main\M10_Composition\Context</Filter>
    </ClInclude>
    <ClInclude Include="..\..\main\M10_Composition\Context\ServicesContext.hpp">
      <Filter>main\M10_Composition\Context</Filter>
    </ClInclude>
    <ClInclude Include="..\..\main\M10_Composition\Context\QueuesContext.hpp">
      <Filter>main\M10_Composition\Context</Filter>
    </ClInclude>
    <ClInclude Include="..\..\main\M10_Composition\Context\TasksContext.hpp">
      <Filter>main\M10_Composition\Context</Filter>
    </ClInclude>
    <ClInclude Include="..\..\main\M20_Applications\Applications\Games\Pong.hpp">
      <Filter>main\M20_Applications\Applications\Games</Filter>
    </ClInclude>
    <ClInclude Include="..\..\main\M20_Applications\Applications\Utilities\AutoRun.hpp">
      <Filter>main\M20_Applications\Applications\Utilities</Filter>
    </ClInclude>
    <ClInclude Include="..\..\main\M20_Applications\Applications\Menu\MenuApplication.hpp">
      <Filter>main\M20_Applications\Applications\Menu</Filter>
    </ClInclude>
    <ClInclude Include="..\..\main\M20_Applications\Applications\Menu\Renderer.hpp">
      <Filter>main\M20_Applications\Applications\Menu</Filter>
    </ClInclude>
    <ClInclude Include="..\..\main\M20_Applications\Applications\Menu\States.hpp">
      <Filter>main\M20_Applications\Applications\Menu</Filter>
    </ClInclude>
    <ClInclude Include="..\..\main\M20_Applications\Applications\Utilities\Utility.hpp">
      <Filter>main\M20_Applications\Applications\Utilities</Filter>
    </ClInclude>
    <ClInclude Include="..\..\main\M20_Applications\IoStates\ButtonState.hpp">
      <Filter>main\M20_Applications\IoStates</Filter>
    </ClInclude>
    <ClInclude Include="..\..\main\M20_Applications\IoStates\IoStates.hpp">
      <Filter>main\M20_Applications\IoStates</Filter>
    </ClInclude>
    <ClInclude Include="..\..\main\M20_Applications\IoStates\JoystickState.hpp">
      <Filter>main\M20_Applications\IoStates</Filter>
    </ClInclude>
    <ClInclude Include="..\..\main\M20_Applications\Queues\I2cInputQueueReader.hpp">
      <Filter>main\M20_Applications\Queues</Filter>
    </ClInclude>
    <ClInclude Include="..\..\main\M20_Applications\Queues\I2cOutputQueueWriter.hpp">
      <Filter>main\M20_Applications\Queues</Filter>
    </ClInclude>
    <ClInclude Include="..\..\main\M20_Applications\Queues\LedStripsQueueWriter.hpp">
      <Filter>main\M20_Applications\Queues</Filter>
    </ClInclude>
    <ClInclude Include="..\..\main\M20_Applications\Queues\QueueWriters.hpp">
      <Filter>main\M20_Applications\Queues</Filter>
    </ClInclude>
    <ClInclude Include="..\..\main\M20_Applications\IEventListener.hpp">
      <Filter>main\M20_Applications</Filter>
    </ClInclude>
    <ClInclude Include="..\..\main\M30_Messages\Color.hpp">
      <Filter>main\M30_Messages</Filter>
    </ClInclude>
    <ClInclude Include="..\..\main\M30_Messages\DiagnosticsQueue.hpp">
      <Filter>main\M30_Messages</Filter>
    </ClInclude>
    <ClInclude Include="..\..\main\M30_Messages\I2cInputQueue.hpp">
      <Filter>main\M30_Messages</Filter>
    </ClInclude>
    <ClInclude Include="..\..\main\M30_Messages\I2cOutputQueue.hpp">
      <Filter>main\M30_Messages</Filter>
    </ClInclude>
    <ClInclude Include="..\..\main\M30_Messages\LedStripsQueue.hpp">
      <Filter>main\M30_Messages</Filter>
    </ClInclude>
    <ClInclude Include="..\..\main\M30_Messages\Position.hpp">
      <Filter>main\M30_Messages</Filter>
    </ClInclude>
    <ClInclude Include="..\..\main\M30_Messages\Queue.hpp">
      <Filter>main\M30_Messages</Filter>
    </ClInclude>
    <ClInclude Include="..\..\main\M30_Messages\QueueProcessor.hpp">
      <Filter>main\M30_Messages</Filter>
    </ClInclude>
    <ClInclude Include="..\..\main\M30_Messages\Types.hpp">
      <Filter>main\M30_Messages</Filter>
    </ClInclude>
    <ClInclude Include="..\..\main\M40_DomainModels\I2c\Displays\Lcd2004\Lcd2004.hpp">
      <Filter>main\M40_DomainModels\I2c\Displays\Lcd2004</Filter>
    </ClInclude>
    <ClInclude Include="..\..\main\M40_DomainModels\I2c\Displays\Tm1637\Tm1637.hpp">
      <Filter>main\M40_DomainModels\I2c\Displays\Tm1637</Filter>
    </ClInclude>
    <ClInclude Include="..\..\main\M40_DomainModels\I2c\IoPins\IoPins.hpp">
      <Filter>main\M40_DomainModels\I2c\IoPins</Filter>
    </ClInclude>
    <ClInclude Include="..\..\main\M40_DomainModels\I2c\IoPins\Joystick.hpp">
      <Filter>main\M40_DomainModels\I2c\IoPins</Filter>
    </ClInclude>
    <ClInclude Include="..\..\main\M40_DomainModels\I2c\IoPins\Led.hpp">
      <Filter>main\M40_DomainModels\I2c\IoPins</Filter>
    </ClInclude>
    <ClInclude Include="..\..\main\M40_DomainModels\I2c\IoPins\SystemButton.hpp">
      <Filter>main\M40_DomainModels\I2c\IoPins</Filter>
    </ClInclude>
    <ClInclude Include="..\..\main\M40_DomainModels\I2c\I2cInputQueueWriter.hpp">
      <Filter>main\M40_DomainModels\I2c</Filter>
    </ClInclude>
    <ClInclude Include="..\..\main\M40_DomainModels\I2c\I2cOutputQueueReader.hpp">
      <Filter>main\M40_DomainModels\I2c</Filter>
    </ClInclude>
    <ClInclude Include="..\..\main\M40_DomainModels\LedStrips\LedStrips.hpp">
      <Filter>main\M40_DomainModels\LedStrips</Filter>
    </ClInclude>
    <ClInclude Include="..\..\main\M40_DomainModels\LedStrips\LedStripsQueueReader.hpp">
      <Filter>main\M40_DomainModels\LedStrips</Filter>
    </ClInclude>
    <ClInclude Include="..\..\main\M40_DomainModels\DomainModel.hpp">
      <Filter>main\M40_DomainModels</Filter>
    </ClInclude>
    <ClInclude Include="..\..\main\M40_DomainModels\IDomainModel.hpp">
      <Filter>main\M40_DomainModels</Filter>
    </ClInclude>
    <ClInclude Include="..\..\main\M50_DeviceModels\Lcd2004\Lcd2004DeviceModel.hpp">
      <Filter>main\M50_DeviceModels\Lcd2004</Filter>
    </ClInclude>
    <ClInclude Include="..\..\main\M50_DeviceModels\Mcp23017\Mcp23017DeviceModel.hpp">
      <Filter>main\M50_DeviceModels\Mcp23017</Filter>
    </ClInclude>
    <ClInclude Include="..\..\main\M50_DeviceModels\Tm1637\Tm1637DeviceModel.hpp">
      <Filter>main\M50_DeviceModels\Tm1637</Filter>
    </ClInclude>
    <ClInclude Include="..\..\main\M50_DeviceModels\Ws28xx\Ws28xxDeviceModel.hpp">
      <Filter>main\M50_DeviceModels\Ws28xx</Filter>
    </ClInclude>
    <ClInclude Include="..\..\main\M50_DeviceModels\DeviceModel.hpp">
      <Filter>main\M50_DeviceModels</Filter>
    </ClInclude>
    <ClInclude Include="..\..\main\M50_DeviceModels\IDeviceModel.hpp">
      <Filter>main\M50_DeviceModels</Filter>
    </ClInclude>
    <ClInclude Include="..\..\main\M60_DeviceDrivers\I2c\I2cDeviceDriver.hpp">
      <Filter>main\M60_DeviceDrivers\I2c</Filter>
    </ClInclude>
    <ClInclude Include="..\..\main\M60_DeviceDrivers\Lcd2004\Lcd2004DeviceDriver.hpp">
      <Filter>main\M60_DeviceDrivers\Lcd2004</Filter>
    </ClInclude>
    <ClInclude Include="..\..\main\M60_DeviceDrivers\Mcp23017\InterruptHandler.hpp">
      <Filter>main\M60_DeviceDrivers\Mcp23017</Filter>
    </ClInclude>
    <ClInclude Include="..\..\main\M60_DeviceDrivers\Mcp23017\Mcp23017DeviceDriver.hpp">
      <Filter>main\M60_DeviceDrivers\Mcp23017</Filter>
    </ClInclude>
    <ClInclude Include="..\..\main\M60_DeviceDrivers\Mcp23017\Mcp23017Registers.hpp">
      <Filter>main\M60_DeviceDrivers\Mcp23017</Filter>
    </ClInclude>
    <ClInclude Include="..\..\main\M60_DeviceDrivers\Tm1637\Tm1637DeviceDriver.hpp">
      <Filter>main\M60_DeviceDrivers\Tm1637</Filter>
    </ClInclude>
    <ClInclude Include="..\..\main\M60_DeviceDrivers\Ws28xx\Ws2812Rmt.hpp">
      <Filter>main\M60_DeviceDrivers\Ws28xx</Filter>
    </ClInclude>
    <ClInclude Include="..\..\main\M60_DeviceDrivers\Ws28xx\Ws28xxDeviceDriver.hpp">
      <Filter>main\M60_DeviceDrivers\Ws28xx</Filter>
    </ClInclude>
    <ClInclude Include="..\..\main\M60_DeviceDrivers\DeviceDriver.hpp">
      <Filter>main\M60_DeviceDrivers</Filter>
    </ClInclude>
    <ClInclude Include="..\..\main\M60_DeviceDrivers\I2cTaskDeviceDriversDelegate.hpp">
      <Filter>main\M60_DeviceDrivers</Filter>
    </ClInclude>
    <ClInclude Include="..\..\main\M60_DeviceDrivers\IDeviceDriver.hpp">
      <Filter>main\M60_DeviceDrivers</Filter>
    </ClInclude>
    <ClInclude Include="..\..\main\M60_DeviceDrivers\LedStripsTaskDeviceDriversDelegate.hpp">
      <Filter>main\M60_DeviceDrivers</Filter>
    </ClInclude>
    <ClInclude Include="..\..\main\M70_WindowsGdi\Components\GdiAtariJoystick.hpp">
      <Filter>main\M70_WindowsGdi\Components</Filter>
    </ClInclude>
    <ClInclude Include="..\..\main\M70_WindowsGdi\Components\GdiButton.hpp">
      <Filter>main\M70_WindowsGdi\Components</Filter>
    </ClInclude>
    <ClInclude Include="..\..\main\M70_WindowsGdi\Components\GdiLcd2004.hpp">
      <Filter>main\M70_WindowsGdi\Components</Filter>
    </ClInclude>
    <ClInclude Include="..\..\main\M70_WindowsGdi\Components\GdiLed.hpp">
      <Filter>main\M70_WindowsGdi\Components</Filter>
    </ClInclude>
    <ClInclude Include="..\..\main\M70_WindowsGdi\Components\GdiLedStrips.hpp">
      <Filter>main\M70_WindowsGdi\Components</Filter>
    </ClInclude>
    <ClInclude Include="..\..\main\M70_WindowsGdi\Components\GdiTm1637.hpp">
      <Filter>main\M70_WindowsGdi\Components</Filter>
    </ClInclude>
    <ClInclude Include="..\..\main\M70_WindowsGdi\GdiScreen.hpp">
      <Filter>main\M70_WindowsGdi</Filter>
    </ClInclude>
    <ClInclude Include="..\..\main\M70_WindowsGdi\GdiSimulator.hpp">
      <Filter>main\M70_WindowsGdi</Filter>
    </ClInclude>
    <ClInclude Include="..\..\main\M70_WindowsGdi\IGdiMouseInput.hpp">
      <Filter>main\M70_WindowsGdi</Filter>
    </ClInclude>
    <ClInclude Include="..\..\main\M80_Services\Gpio\EspGpio.hpp">
      <Filter>main\M80_Services\Gpio</Filter>
    </ClInclude>
    <ClInclude Include="..\..\main\M80_Services\Gpio\Gpio.hpp">
      <Filter>main\M80_Services\Gpio</Filter>
    </ClInclude>
    <ClInclude Include="..\..\main\M80_Services\Gpio\WindowsGpio.hpp">
      <Filter>main\M80_Services\Gpio</Filter>
    </ClInclude>
    <ClInclude Include="..\..\main\M80_Services\I2c\EspI2c.hpp">
      <Filter>main\M80_Services\I2c</Filter>
    </ClInclude>
    <ClInclude Include="..\..\main\M80_Services\I2c\I2c.hpp">
      <Filter>main\M80_Services\I2c</Filter>
    </ClInclude>
    <ClInclude Include="..\..\main\M80_Services\I2c\WindowsI2c.hpp">
      <Filter>main\M80_Services\I2c</Filter>
    </ClInclude>
    <ClInclude Include="..\..\main\M80_Services\Intellisense\EspBypass.hpp">
      <Filter>main\M80_Services\Intellisense</Filter>
    </ClInclude>
    <ClInclude Include="..\..\main\M80_Services\Random\EspRandom.hpp">
      <Filter>main\M80_Services\Random</Filter>
    </ClInclude>
    <ClInclude Include="..\..\main\M80_Services\Random\WindowsRandom.hpp">
      <Filter>main\M80_Services\Random</Filter>
    </ClInclude>
    <ClInclude Include="..\..\main\M80_Services\Random\Random.hpp">
      <Filter>main\M80_Services\Random</Filter>
    </ClInclude>
    <ClInclude Include="..\..\main\M80_Services\Rmt\Rmt.hpp">
      <Filter>main\M80_Services\Rmt</Filter>
    </ClInclude>
    <ClInclude Include="..\..\main\M80_Services\Rmt\EspRmt.hpp">
      <Filter>main\M80_Services\Rmt</Filter>
    </ClInclude>
    <ClInclude Include="..\..\main\M80_Services\Rmt\WindowsRmt.hpp">
      <Filter>main\M80_Services\Rmt</Filter>
    </ClInclude>
    <ClInclude Include="..\..\main\M80_Services\Intellisense\Bypass.hpp">
      <Filter>main\M80_Services</Filter>
    </ClInclude>
    <ClInclude Include="..\..\main\M80_Services\Rtos\EspRtos.hpp">
      <Filter>main\M80_Services\Rtos</Filter>
    </ClInclude>
    <ClInclude Include="..\..\main\M80_Services\Rtos\Rtos.hpp">
      <Filter>main\M80_Services\Rtos</Filter>
    </ClInclude>
    <ClInclude Include="..\..\main\M80_Services\Rtos\WindowsRtos.hpp">
      <Filter>main\M80_Services\Rtos</Filter>
    </ClInclude>
    <ClInclude Include="..\..\main\M80_Services\RtosQueue\EspRtosQueue.hpp">
      <Filter>main\M80_Services\RtosQueue</Filter>
    </ClInclude>
    <ClInclude Include="..\..\main\M80_Services\RtosQueue\RtosQueue.hpp">
      <Filter>main\M80_Services\RtosQueue</Filter>
    </ClInclude>
    <ClInclude Include="..\..\main\M80_Services\RtosQueue\WindowsRtosQueue.hpp">
      <Filter>main\M80_Services\RtosQueue</Filter>
    </ClInclude>
    <ClInclude Include="..\..\main\M80_Services\RtosTask\EspRtosTask.hpp">
      <Filter>main\M80_Services\RtosTask</Filter>
    </ClInclude>
    <ClInclude Include="..\..\main\M80_Services\RtosTask\RtosTask.hpp">
      <Filter>main\M80_Services\RtosTask</Filter>
    </ClInclude>
    <ClInclude Include="..\..\main\M80_Services\RtosTask\WindowsRtosTask.hpp">
      <Filter>main\M80_Services\RtosTask</Filter>
    </ClInclude>
    <ClInclude Include="..\..\main\M80_Services\Uart\EspUart.hpp">
      <Filter>main\M80_Services\Uart</Filter>
    </ClInclude>
    <ClInclude Include="..\..\main\M80_Services\Uart\Uart.hpp">
      <Filter>main\M80_Services\Uart</Filter>
    </ClInclude>
    <ClInclude Include="..\..\main\M80_Services\Uart\WindowsUart.hpp">
      <Filter>main\M80_Services\Uart</Filter>
    </ClInclude>
    <ClInclude Include="..\..\main\M90_Utilities\Dirty\IDirty.hpp">
      <Filter>main\M90_Utilities\Dirty</Filter>
    </ClInclude>
    <ClInclude Include="..\..\main\M90_Utilities\Dirty\Dirty.hpp">
      <Filter>main\M90_Utilities\Dirty</Filter>
    </ClInclude>
    <ClInclude Include="..\..\main\M90_Utilities\Initializable\Initializable.hpp">
      <Filter>main\M90_Utilities\Initializable</Filter>
    </ClInclude>
    <ClInclude Include="..\..\main\M90_Utilities\Initializable\IInitializable.hpp">
      <Filter>main\M90_Utilities\Initializable</Filter>
    </ClInclude>
    <ClInclude Include="..\..\main\M90_Utilities\Log\Log.hpp">
      <Filter>main\M90_Utilities\Log</Filter>
    </ClInclude>
    <ClInclude Include="..\..\main\M90_Utilities\Math\MathUtilities.hpp">
      <Filter>main\M90_Utilities\Math</Filter>
    </ClInclude>
    <ClInclude Include="..\..\main\M90_Utilities\Time\TimeUtilities.hpp">
      <Filter>main\M90_Utilities\Time</Filter>
    </ClInclude>
    <ClInclude Include="..\..\main\M90_Utilities\Time\WindowsHighResolutionTimer.hpp">
      <Filter>main\M90_Utilities\Time</Filter>
    </ClInclude>
    <ClInclude Include="..\..\main\M90_Utilities\Task\Task.hpp">
      <Filter>main\M90_Utilities\Task</Filter>
    </ClInclude>
    <ClInclude Include="..\..\main\M90_Utilities\String\StringUtilities.hpp">
      <Filter>main\M90_Utilities\String</Filter>
    </ClInclude>
    <ClInclude Include="..\..\main\M00_System\DeviceSettings.hpp">
      <Filter>main\M00_System</Filter>
    </ClInclude>
    <ClInclude Include="..\..\main\M00_System\DeviceSettingsValidator.hpp">
      <Filter>main\M00_System</Filter>
    </ClInclude>
    <ClInclude Include="..\..\main\M00_System\DiagnosticsManager.hpp">
      <Filter>main\M00_System</Filter>
    </ClInclude>
    <ClInclude Include="..\..\main\M00_System\DiagnosticsTask.hpp">
      <Filter>main\M00_System</Filter>
    </ClInclude>
    <ClInclude Include="..\..\main\M00_System\I2cTask.hpp">
      <Filter>main\M00_System</Filter>
    </ClInclude>
    <ClInclude Include="..\..\main\M00_System\LedStripsTask.hpp">
      <Filter>main\M00_System</Filter>
    </ClInclude>
    <ClInclude Include="..\..\main\M00_System\Orchestrator.hpp">
      <Filter>main\M00_System</Filter>
    </ClInclude>
    <ClInclude Include="..\..\main\M00_System\WatchDog.hpp">
      <Filter>main\M00_System</Filter>
    </ClInclude>
    <ClInclude Include="..\..\main\M00_System\Queues\DiagnosticsQueueWriter.hpp">
      <Filter>main\M00_System\Queues</Filter>
    </ClInclude>
    <ClInclude Include="..\..\main\M00_System\Queues\DiagnosticsQueueReader.hpp">
      <Filter>main\M00_System\Queues</Filter>
    </ClInclude>
    <ClInclude Include="..\..\main\M20_Applications\Applications\Game.hpp">
      <Filter>main\M20_Applications\Applications</Filter>
    </ClInclude>
    <ClInclude Include="..\..\main\M20_Applications\Applications\Highscores.hpp">
      <Filter>main\M20_Applications\Applications</Filter>
    </ClInclude>
    <ClInclude Include="..\..\main\M20_Applications\Applications\Highscore.hpp">
      <Filter>main\M20_Applications\Applications</Filter>
    </ClInclude>
    <ClInclude Include="..\..\main\M20_Applications\Applications\IApplication.hpp">
      <Filter>main\M20_Applications\Applications</Filter>
    </ClInclude>
    <ClInclude Include="..\..\main\M20_Applications\Applications\Send.hpp">
      <Filter>main\M20_Applications\Applications</Filter>
    </ClInclude>
    <ClInclude Include="..\..\main\M50_DeviceModels\Ws28xx\GrbBufferFiller.hpp">
      <Filter>main\M50_DeviceModels\Ws28xx</Filter>
    </ClInclude>
  </ItemGroup>
  <ItemGroup>
    <ResourceCompile Include="Simulator.rc" />
  </ItemGroup>
  <ItemGroup>
    <Image Include="Simulator.ico" />
    <Image Include="small.ico" />
  </ItemGroup>
  <ItemGroup>
    <None Include="..\..\Docs\Calc.ods">
      <Filter>Docs</Filter>
    </None>
    <None Include="..\..\Docs\ProjectAdmi\CountLines.powershell">
      <Filter>Docs\ProjectAdmi</Filter>
    </None>
    <None Include="..\..\Docs\Fraxis.odt">
      <Filter>Docs</Filter>
    </None>
    <None Include="..\..\Docs\Design Decisions\Esp32S3PinMapping.md">
      <Filter>Docs\Design Decisions</Filter>
    </None>
    <None Include="..\..\Docs\Design Decisions\FiveRowFonts.md">
      <Filter>Docs\Design Decisions</Filter>
    </None>
    <None Include="..\..\Docs\Design Decisions\IrRemote.md">
      <Filter>Docs\Design Decisions</Filter>
    </None>
    <None Include="..\..\Docs\Design Decisions\Menu.md">
      <Filter>Docs\Design Decisions</Filter>
    </None>
    <None Include="..\..\Docs\Design Decisions\Rtos.md">
      <Filter>Docs\Design Decisions</Filter>
    </None>
    <None Include="..\..\Docs\Design Decisions\SevenSegments.md">
      <Filter>Docs\Design Decisions</Filter>
    </None>
    <None Include="..\..\Docs\Software Design\Layers\0_layers_overview.puml">
      <Filter>Docs\Software Design\Layers</Filter>
    </None>
    <None Include="..\..\Docs\Software Design\Layers\L0_system_layer.puml">
      <Filter>Docs\Software Design\Layers</Filter>
    </None>
    <None Include="..\..\Docs\Software Design\Layers\L1_composition_layer.puml">
      <Filter>Docs\Software Design\Layers</Filter>
    </None>
    <None Include="..\..\Docs\Software Design\Layers\L2_applications_layer.puml">
      <Filter>Docs\Software Design\Layers</Filter>
    </None>
    <None Include="..\..\Docs\Software Design\Layers\L3_messages.puml">
      <Filter>Docs\Software Design\Layers</Filter>
    </None>
    <None Include="..\..\Docs\Software Design\Layers\L4_domain_models_layer.puml">
      <Filter>Docs\Software Design\Layers</Filter>
    </None>
    <None Include="..\..\Docs\Software Design\Layers\L5_device_models_layer.puml">
      <Filter>Docs\Software Design\Layers</Filter>
    </None>
    <None Include="..\..\Docs\Software Design\Layers\L6_device_drivers_layer.puml">
      <Filter>Docs\Software Design\Layers</Filter>
    </None>
    <None Include="..\..\Docs\Software Design\Layers\L7_windows_gdi_layer.puml">
      <Filter>Docs\Software Design\Layers</Filter>
    </None>
    <None Include="..\..\Docs\Software Design\Layers\L7_windows_sequence.puml">
      <Filter>Docs\Software Design\Layers</Filter>
    </None>
    <None Include="..\..\Docs\Software Design\Layers\L8_services_layer.puml">
      <Filter>Docs\Software Design\Layers</Filter>
    </None>
    <None Include="..\..\Docs\Software Design\Layers\L9_utilities_layer.puml">
      <Filter>Docs\Software Design\Layers</Filter>
    </None>
    <None Include="..\..\Docs\ProjectAdmi\ProjectHistory.md">
      <Filter>Docs\ProjectAdmi</Filter>
    </None>
    <None Include="..\..\Docs\ProjectAdmi\TodoList.md">
      <Filter>Docs\ProjectAdmi</Filter>
    </None>
  </ItemGroup>
  <ItemGroup>
    <Filter Include="Docs">
      <UniqueIdentifier>{6ba6773d-7ee0-4e22-908b-b4dd979c6a70}</UniqueIdentifier>
    </Filter>
    <Filter Include="Docs\Design Decisions">
      <UniqueIdentifier>{3c4eb66c-3078-4952-ada0-5dd98d3e6272}</UniqueIdentifier>
    </Filter>
    <Filter Include="Docs\ProjectAdmi">
      <UniqueIdentifier>{85d5a2aa-5028-4d82-947b-5d74daaf1ada}</UniqueIdentifier>
    </Filter>
    <Filter Include="Docs\Software Design">
      <UniqueIdentifier>{f02b374a-b8e7-4fad-b11f-d4f654887af3}</UniqueIdentifier>
    </Filter>
    <Filter Include="Docs\Software Design\Layers">
      <UniqueIdentifier>{9463cda1-1d19-4256-bf3d-a494a40714e0}</UniqueIdentifier>
    </Filter>
    <Filter Include="Hardware">
      <UniqueIdentifier>{55d91d86-ec89-4845-bf5e-56578083cde1}</UniqueIdentifier>
    </Filter>
    <Filter Include="main">
      <UniqueIdentifier>{52d2f13f-1fc6-4789-aea5-2669cef72a04}</UniqueIdentifier>
    </Filter>
    <Filter Include="main\M00_System">
      <UniqueIdentifier>{1d4bde77-2785-4a97-8d36-764f9f0e5522}</UniqueIdentifier>
    </Filter>
    <Filter Include="main\M10_Composition">
      <UniqueIdentifier>{8dbc0d42-b72a-40c2-a361-b8fce410a317}</UniqueIdentifier>
    </Filter>
    <Filter Include="main\M20_Applications">
      <UniqueIdentifier>{4f943c68-c155-4315-9913-93c71224085b}</UniqueIdentifier>
    </Filter>
    <Filter Include="main\M30_Messages">
      <UniqueIdentifier>{6dbf053a-f5a4-415a-83d4-d9e221511026}</UniqueIdentifier>
    </Filter>
    <Filter Include="main\M40_DomainModels">
      <UniqueIdentifier>{eae040d2-f20f-4801-9292-0742c7241a5f}</UniqueIdentifier>
    </Filter>
    <Filter Include="main\M50_DeviceModels">
      <UniqueIdentifier>{f85b0889-242e-42f5-b92c-6ef0b978c353}</UniqueIdentifier>
    </Filter>
    <Filter Include="main\M60_DeviceDrivers">
      <UniqueIdentifier>{aba5b689-ed5a-4f4c-8ea7-df3ffe942e92}</UniqueIdentifier>
    </Filter>
    <Filter Include="main\M70_WindowsGdi">
      <UniqueIdentifier>{bf0d244a-8f5b-4874-9c91-f4c8a54ea359}</UniqueIdentifier>
    </Filter>
    <Filter Include="main\M80_Services">
      <UniqueIdentifier>{dd25776c-a91d-47ca-b572-de5daff4f665}</UniqueIdentifier>
    </Filter>
    <Filter Include="main\M90_Utilities">
      <UniqueIdentifier>{291148ec-9df5-47b4-82f9-66f7bcedfd17}</UniqueIdentifier>
    </Filter>
    <Filter Include="main\M90_Utilities\Algorithm">
      <UniqueIdentifier>{51c3389e-97b7-4fd6-bfa2-a133869b3172}</UniqueIdentifier>
    </Filter>
    <Filter Include="main\M20_Applications\Applications">
      <UniqueIdentifier>{d251ca2d-ffa1-45d1-8117-d397d708f5b2}</UniqueIdentifier>
    </Filter>
    <Filter Include="main\M20_Applications\IoStates">
      <UniqueIdentifier>{64ece6b0-7cf7-42f6-9fe2-e440685187cd}</UniqueIdentifier>
    </Filter>
    <Filter Include="main\M20_Applications\Queues">
      <UniqueIdentifier>{f575c5c0-0516-438f-b022-eabaa79b04d6}</UniqueIdentifier>
    </Filter>
    <Filter Include="main\M20_Applications\Applications\Demos">
      <UniqueIdentifier>{2ced6550-fc79-4caf-b46c-5dd41d3fc3cf}</UniqueIdentifier>
    </Filter>
    <Filter Include="main\M20_Applications\Applications\Games">
      <UniqueIdentifier>{2e5decb5-675d-4a3f-a94a-38f450350327}</UniqueIdentifier>
    </Filter>
    <Filter Include="main\M20_Applications\Applications\Menu">
      <UniqueIdentifier>{f4eecb4d-a0d4-40e3-a784-79a60c3689cf}</UniqueIdentifier>
    </Filter>
    <Filter Include="main\M20_Applications\Applications\Tools">
      <UniqueIdentifier>{9bc55201-54cd-4316-b967-7173f6726201}</UniqueIdentifier>
    </Filter>
    <Filter Include="main\M20_Applications\Applications\Utilities">
      <UniqueIdentifier>{c52cb2e4-1a5c-48b7-bfd6-cd339d516528}</UniqueIdentifier>
    </Filter>
    <Filter Include="main\M90_Utilities\Array">
      <UniqueIdentifier>{304d9bb7-024f-4192-9dd2-3f1e5d4778cb}</UniqueIdentifier>
    </Filter>
    <Filter Include="main\M90_Utilities\Assert">
      <UniqueIdentifier>{fe7e76ba-c78e-4a3d-8cc7-c40a089bb4d4}</UniqueIdentifier>
    </Filter>
    <Filter Include="main\M90_Utilities\Dirty">
      <UniqueIdentifier>{b7d9b9e8-277d-4219-8575-960a244426dd}</UniqueIdentifier>
    </Filter>
    <Filter Include="main\M90_Utilities\Initializable">
      <UniqueIdentifier>{51530c10-f129-417e-98c2-2940fc9bce9e}</UniqueIdentifier>
    </Filter>
    <Filter Include="main\M90_Utilities\Log">
      <UniqueIdentifier>{1eba29d5-7446-4adf-8dc9-e1157f23b3ed}</UniqueIdentifier>
    </Filter>
    <Filter Include="main\M90_Utilities\Math">
      <UniqueIdentifier>{665b3c46-9778-492e-ad22-80acb965c350}</UniqueIdentifier>
    </Filter>
    <Filter Include="main\M90_Utilities\String">
      <UniqueIdentifier>{fbd3487b-b93b-4c64-bc21-d8171d0f78ec}</UniqueIdentifier>
    </Filter>
    <Filter Include="main\M90_Utilities\Task">
      <UniqueIdentifier>{9f3b441f-8e06-4e7b-b297-fefc607e17d8}</UniqueIdentifier>
    </Filter>
    <Filter Include="main\M90_Utilities\Time">
      <UniqueIdentifier>{6391f63c-73ae-42b8-9d90-e46e2e80a34e}</UniqueIdentifier>
    </Filter>
    <Filter Include="main\M10_Composition\Builder">
      <UniqueIdentifier>{a1b76f27-16bf-4baf-83a9-965b6f63480d}</UniqueIdentifier>
    </Filter>
    <Filter Include="main\M10_Composition\Context">
      <UniqueIdentifier>{e1b3255d-8d73-42b9-84a5-7454805510e7}</UniqueIdentifier>
    </Filter>
    <Filter Include="main\M40_DomainModels\I2c">
      <UniqueIdentifier>{af025e07-2aee-40bc-b818-9543c2b63912}</UniqueIdentifier>
    </Filter>
    <Filter Include="main\M40_DomainModels\I2c\Displays">
      <UniqueIdentifier>{0cca1c9e-fead-4a33-b61c-53b30c149462}</UniqueIdentifier>
    </Filter>
    <Filter Include="main\M40_DomainModels\I2c\Displays\Lcd2004">
      <UniqueIdentifier>{a80dc591-91e6-43b5-93cf-c882c92591a6}</UniqueIdentifier>
    </Filter>
    <Filter Include="main\M40_DomainModels\I2c\Displays\Tm1637">
      <UniqueIdentifier>{0fa1567a-010f-48f1-b914-ec752cb86fdc}</UniqueIdentifier>
    </Filter>
    <Filter Include="main\M40_DomainModels\I2c\IoPins">
      <UniqueIdentifier>{83503bcf-0bf1-4a08-b564-60520ab61df9}</UniqueIdentifier>
    </Filter>
    <Filter Include="main\M40_DomainModels\LedStrips">
      <UniqueIdentifier>{b19abf3f-28ea-41aa-bbc2-0a19622ceb70}</UniqueIdentifier>
    </Filter>
    <Filter Include="main\M50_DeviceModels\Lcd2004">
      <UniqueIdentifier>{76afce50-ac72-4e4b-afa9-3712040a5a88}</UniqueIdentifier>
    </Filter>
    <Filter Include="main\M50_DeviceModels\Mcp23017">
      <UniqueIdentifier>{fc6b7175-c10b-4353-957a-03b152601bf9}</UniqueIdentifier>
    </Filter>
    <Filter Include="main\M50_DeviceModels\Tm1637">
      <UniqueIdentifier>{6d1eaa08-9255-483f-9d88-86f8baf8e50c}</UniqueIdentifier>
    </Filter>
    <Filter Include="main\M50_DeviceModels\Ws28xx">
      <UniqueIdentifier>{aee02966-d849-4bc1-8ba7-8b8259e42070}</UniqueIdentifier>
    </Filter>
    <Filter Include="main\M60_DeviceDrivers\I2c">
      <UniqueIdentifier>{bb4b36f9-33df-4df6-8312-9f9e7c0ba537}</UniqueIdentifier>
    </Filter>
    <Filter Include="main\M60_DeviceDrivers\Lcd2004">
      <UniqueIdentifier>{c779dc48-8e2d-4ea2-b936-64e7a1d05784}</UniqueIdentifier>
    </Filter>
    <Filter Include="main\M60_DeviceDrivers\Mcp23017">
      <UniqueIdentifier>{d639ecbb-7aa4-4aa8-a4b9-75322a33ecd7}</UniqueIdentifier>
    </Filter>
    <Filter Include="main\M60_DeviceDrivers\Tm1637">
      <UniqueIdentifier>{94e32920-8058-4a67-b7f2-a5f5e2a683f5}</UniqueIdentifier>
    </Filter>
    <Filter Include="main\M60_DeviceDrivers\Ws28xx">
      <UniqueIdentifier>{826dfdb1-8da8-43ef-8a99-b7f230e18bd7}</UniqueIdentifier>
    </Filter>
    <Filter Include="main\M70_WindowsGdi\Components">
      <UniqueIdentifier>{aa2bcd33-02c0-413f-8fc1-9b0c9b861703}</UniqueIdentifier>
    </Filter>
    <Filter Include="main\M80_Services\Gpio">
      <UniqueIdentifier>{34ad9f68-e006-4150-a132-3c802cbb08b1}</UniqueIdentifier>
    </Filter>
    <Filter Include="main\M80_Services\I2c">
      <UniqueIdentifier>{c5fcc814-0c08-4541-bab9-721c5511be22}</UniqueIdentifier>
    </Filter>
    <Filter Include="main\M80_Services\Intellisense">
      <UniqueIdentifier>{4df95bd4-0ed2-41fd-bff3-7cf582a83840}</UniqueIdentifier>
    </Filter>
    <Filter Include="main\M80_Services\Random">
      <UniqueIdentifier>{7a1e2823-0591-468f-977d-c459bc267b90}</UniqueIdentifier>
    </Filter>
    <Filter Include="main\M80_Services\Rmt">
      <UniqueIdentifier>{350cd2a7-36ce-4b22-82e7-beb74ed38293}</UniqueIdentifier>
    </Filter>
    <Filter Include="main\M80_Services\Rtos">
      <UniqueIdentifier>{55687959-6509-405c-9883-dd0e39669ba3}</UniqueIdentifier>
    </Filter>
    <Filter Include="main\M80_Services\RtosTask">
      <UniqueIdentifier>{d74699b4-fc32-4b35-bb39-32fe42f983da}</UniqueIdentifier>
    </Filter>
    <Filter Include="main\M80_Services\RtosQueue">
      <UniqueIdentifier>{4a8b2a15-cafa-4ca0-b0c6-41f16b184688}</UniqueIdentifier>
    </Filter>
    <Filter Include="main\M80_Services\Uart">
      <UniqueIdentifier>{56384941-60f2-47be-b569-7e8ca0d3dd4a}</UniqueIdentifier>
    </Filter>
    <Filter Include="main\M00_System\Queues">
      <UniqueIdentifier>{12ae0cfa-3b0b-4799-8cbb-c5508514545a}</UniqueIdentifier>
    </Filter>
  </ItemGroup>
  <ItemGroup>
    <Text Include="..\..\Docs\Todo.txt">
      <Filter>Docs</Filter>
    </Text>
  </ItemGroup>
</Project>